
Microsoft Visual Studio Solution File, Format Version 12.00
# Visual Studio 15
VisualStudioVersion = 15.0.28010.2048
MinimumVisualStudioVersion = 10.0.40219.1
Project("{FAE04EC0-301F-11D3-BF4B-00C04F79EFBC}") = "Kuras", "Kuras\Kuras.csproj", "{07EBA616-9C3C-404C-A3EB-AD4C6979BF90}"
EndProject
Global
	GlobalSection(SolutionConfigurationPlatforms) = preSolution
		Debug|Any CPU = Debug|Any CPU
		Release|Any CPU = Release|Any CPU
	EndGlobalSection
	GlobalSection(ProjectConfigurationPlatforms) = postSolution
		{07EBA616-9C3C-404C-A3EB-AD4C6979BF90}.Debug|Any CPU.ActiveCfg = Debug|Any CPU
		{07EBA616-9C3C-404C-A3EB-AD4C6979BF90}.Debug|Any CPU.Build.0 = Debug|Any CPU
		{07EBA616-9C3C-404C-A3EB-AD4C6979BF90}.Release|Any CPU.ActiveCfg = Release|Any CPU
		{07EBA616-9C3C-404C-A3EB-AD4C6979BF90}.Release|Any CPU.Build.0 = Release|Any CPU
	EndGlobalSection
	GlobalSection(SolutionProperties) = preSolution
		HideSolutionNode = FALSE
	EndGlobalSection
	GlobalSection(ExtensibilityGlobals) = postSolution
		SolutionGuid = {D6D31594-51BD-4B75-9942-73C1A39F3978}
	EndGlobalSection
EndGlobal
